// !$*UTF8*$!
{
	archiveVersion = 1;
	classes = {
	};
	objectVersion = 56;
	objects = {

/* Begin PBXBuildFile section */
		6AD1236AA7D5578A72FE9833 /* Pods_PruebaTecnicaTests.framework in Frameworks */ = {isa = PBXBuildFile; fileRef = 14B1AE6745F2BB31C7DD3187 /* Pods_PruebaTecnicaTests.framework */; };
		9332B7E429E9FC3D006D4CCB /* AppDelegate.swift in Sources */ = {isa = PBXBuildFile; fileRef = 9332B7E329E9FC3D006D4CCB /* AppDelegate.swift */; };
		9332B7E629E9FC3D006D4CCB /* SceneDelegate.swift in Sources */ = {isa = PBXBuildFile; fileRef = 9332B7E529E9FC3D006D4CCB /* SceneDelegate.swift */; };
		9332B7E829E9FC3D006D4CCB /* ViewController.swift in Sources */ = {isa = PBXBuildFile; fileRef = 9332B7E729E9FC3D006D4CCB /* ViewController.swift */; };
		9332B7EB29E9FC3D006D4CCB /* Main.storyboard in Resources */ = {isa = PBXBuildFile; fileRef = 9332B7E929E9FC3D006D4CCB /* Main.storyboard */; };
		9332B7ED29E9FC40006D4CCB /* Assets.xcassets in Resources */ = {isa = PBXBuildFile; fileRef = 9332B7EC29E9FC40006D4CCB /* Assets.xcassets */; };
		9332B7F029E9FC40006D4CCB /* LaunchScreen.storyboard in Resources */ = {isa = PBXBuildFile; fileRef = 9332B7EE29E9FC40006D4CCB /* LaunchScreen.storyboard */; };
		9332B7FB29E9FC40006D4CCB /* PruebaTecnicaTests.swift in Sources */ = {isa = PBXBuildFile; fileRef = 9332B7FA29E9FC40006D4CCB /* PruebaTecnicaTests.swift */; };
		9332B80529E9FC40006D4CCB /* PruebaTecnicaUITests.swift in Sources */ = {isa = PBXBuildFile; fileRef = 9332B80429E9FC40006D4CCB /* PruebaTecnicaUITests.swift */; };
		9332B80729E9FC40006D4CCB /* PruebaTecnicaUITestsLaunchTests.swift in Sources */ = {isa = PBXBuildFile; fileRef = 9332B80629E9FC40006D4CCB /* PruebaTecnicaUITestsLaunchTests.swift */; };
		9332B81429E9FD83006D4CCB /* Helper.swift in Sources */ = {isa = PBXBuildFile; fileRef = 9332B81329E9FD83006D4CCB /* Helper.swift */; };
		9332B81629EA5D7F006D4CCB /* Models.swift in Sources */ = {isa = PBXBuildFile; fileRef = 9332B81529EA5D7F006D4CCB /* Models.swift */; };
		9332B81929EB06F1006D4CCB /* ConsultModel.swift in Sources */ = {isa = PBXBuildFile; fileRef = 9332B81829EB06F1006D4CCB /* ConsultModel.swift */; };
		9332B82129EB0D63006D4CCB /* DetailUser.swift in Sources */ = {isa = PBXBuildFile; fileRef = 9332B82029EB0D63006D4CCB /* DetailUser.swift */; };
		9332B82329EB1868006D4CCB /* ListUserViewController.swift in Sources */ = {isa = PBXBuildFile; fileRef = 9332B82229EB1868006D4CCB /* ListUserViewController.swift */; };
		9332B82529EB1A1A006D4CCB /* ConsultTableViewCell.swift in Sources */ = {isa = PBXBuildFile; fileRef = 9332B82429EB1A1A006D4CCB /* ConsultTableViewCell.swift */; };
		9332B82C29EB394E006D4CCB /* MBProgressHUD.m in Sources */ = {isa = PBXBuildFile; fileRef = 9332B82A29EB394D006D4CCB /* MBProgressHUD.m */; };
		93F0CAEC29F5C3420040BB2A /* DatosUserViewController.swift in Sources */ = {isa = PBXBuildFile; fileRef = 93F0CAEB29F5C3420040BB2A /* DatosUserViewController.swift */; };
		DCF8703EEA512977001CA013 /* Pods_PruebaTecnica_PruebaTecnicaUITests.framework in Frameworks */ = {isa = PBXBuildFile; fileRef = 3AB15AD4CB07D1E53D0A32BA /* Pods_PruebaTecnica_PruebaTecnicaUITests.framework */; };
		FF9830CCFF22A59BC6032713 /* Pods_PruebaTecnica.framework in Frameworks */ = {isa = PBXBuildFile; fileRef = 96EAED304DF4E8D990B1038F /* Pods_PruebaTecnica.framework */; };
/* End PBXBuildFile section */

/* Begin PBXContainerItemProxy section */
		9332B7F729E9FC40006D4CCB /* PBXContainerItemProxy */ = {
			isa = PBXContainerItemProxy;
			containerPortal = 9332B7D829E9FC3D006D4CCB /* Project object */;
			proxyType = 1;
			remoteGlobalIDString = 9332B7DF29E9FC3D006D4CCB;
			remoteInfo = PruebaTecnica;
		};
		9332B80129E9FC40006D4CCB /* PBXContainerItemProxy */ = {
			isa = PBXContainerItemProxy;
			containerPortal = 9332B7D829E9FC3D006D4CCB /* Project object */;
			proxyType = 1;
			remoteGlobalIDString = 9332B7DF29E9FC3D006D4CCB;
			remoteInfo = PruebaTecnica;
		};
/* End PBXContainerItemProxy section */

/* Begin PBXFileReference section */
		14B1AE6745F2BB31C7DD3187 /* Pods_PruebaTecnicaTests.framework */ = {isa = PBXFileReference; explicitFileType = wrapper.framework; includeInIndex = 0; path = Pods_PruebaTecnicaTests.framework; sourceTree = BUILT_PRODUCTS_DIR; };
		3AB15AD4CB07D1E53D0A32BA /* Pods_PruebaTecnica_PruebaTecnicaUITests.framework */ = {isa = PBXFileReference; explicitFileType = wrapper.framework; includeInIndex = 0; path = Pods_PruebaTecnica_PruebaTecnicaUITests.framework; sourceTree = BUILT_PRODUCTS_DIR; };
		60939E4095596E0A4830F662 /* Pods-PruebaTecnica-PruebaTecnicaUITests.release.xcconfig */ = {isa = PBXFileReference; includeInIndex = 1; lastKnownFileType = text.xcconfig; name = "Pods-PruebaTecnica-PruebaTecnicaUITests.release.xcconfig"; path = "Target Support Files/Pods-PruebaTecnica-PruebaTecnicaUITests/Pods-PruebaTecnica-PruebaTecnicaUITests.release.xcconfig"; sourceTree = "<group>"; };
		67FD7267D210CEBA7E7F96D8 /* Pods-PruebaTecnica-PruebaTecnicaUITests.debug.xcconfig */ = {isa = PBXFileReference; includeInIndex = 1; lastKnownFileType = text.xcconfig; name = "Pods-PruebaTecnica-PruebaTecnicaUITests.debug.xcconfig"; path = "Target Support Files/Pods-PruebaTecnica-PruebaTecnicaUITests/Pods-PruebaTecnica-PruebaTecnicaUITests.debug.xcconfig"; sourceTree = "<group>"; };
		6CF38BD551115959F3245C42 /* Pods-PruebaTecnica.debug.xcconfig */ = {isa = PBXFileReference; includeInIndex = 1; lastKnownFileType = text.xcconfig; name = "Pods-PruebaTecnica.debug.xcconfig"; path = "Target Support Files/Pods-PruebaTecnica/Pods-PruebaTecnica.debug.xcconfig"; sourceTree = "<group>"; };
		9332B7E029E9FC3D006D4CCB /* PruebaTecnica.app */ = {isa = PBXFileReference; explicitFileType = wrapper.application; includeInIndex = 0; path = PruebaTecnica.app; sourceTree = BUILT_PRODUCTS_DIR; };
		9332B7E329E9FC3D006D4CCB /* AppDelegate.swift */ = {isa = PBXFileReference; lastKnownFileType = sourcecode.swift; path = AppDelegate.swift; sourceTree = "<group>"; };
		9332B7E529E9FC3D006D4CCB /* SceneDelegate.swift */ = {isa = PBXFileReference; lastKnownFileType = sourcecode.swift; path = SceneDelegate.swift; sourceTree = "<group>"; };
		9332B7E729E9FC3D006D4CCB /* ViewController.swift */ = {isa = PBXFileReference; lastKnownFileType = sourcecode.swift; path = ViewController.swift; sourceTree = "<group>"; };
		9332B7EA29E9FC3D006D4CCB /* Base */ = {isa = PBXFileReference; lastKnownFileType = file.storyboard; name = Base; path = Base.lproj/Main.storyboard; sourceTree = "<group>"; };
		9332B7EC29E9FC40006D4CCB /* Assets.xcassets */ = {isa = PBXFileReference; lastKnownFileType = folder.assetcatalog; path = Assets.xcassets; sourceTree = "<group>"; };
		9332B7EF29E9FC40006D4CCB /* Base */ = {isa = PBXFileReference; lastKnownFileType = file.storyboard; name = Base; path = Base.lproj/LaunchScreen.storyboard; sourceTree = "<group>"; };
		9332B7F129E9FC40006D4CCB /* Info.plist */ = {isa = PBXFileReference; lastKnownFileType = text.plist.xml; path = Info.plist; sourceTree = "<group>"; };
		9332B7F629E9FC40006D4CCB /* PruebaTecnicaTests.xctest */ = {isa = PBXFileReference; explicitFileType = wrapper.cfbundle; includeInIndex = 0; path = PruebaTecnicaTests.xctest; sourceTree = BUILT_PRODUCTS_DIR; };
		9332B7FA29E9FC40006D4CCB /* PruebaTecnicaTests.swift */ = {isa = PBXFileReference; lastKnownFileType = sourcecode.swift; path = PruebaTecnicaTests.swift; sourceTree = "<group>"; };
		9332B80029E9FC40006D4CCB /* PruebaTecnicaUITests.xctest */ = {isa = PBXFileReference; explicitFileType = wrapper.cfbundle; includeInIndex = 0; path = PruebaTecnicaUITests.xctest; sourceTree = BUILT_PRODUCTS_DIR; };
		9332B80429E9FC40006D4CCB /* PruebaTecnicaUITests.swift */ = {isa = PBXFileReference; lastKnownFileType = sourcecode.swift; path = PruebaTecnicaUITests.swift; sourceTree = "<group>"; };
		9332B80629E9FC40006D4CCB /* PruebaTecnicaUITestsLaunchTests.swift */ = {isa = PBXFileReference; lastKnownFileType = sourcecode.swift; path = PruebaTecnicaUITestsLaunchTests.swift; sourceTree = "<group>"; };
		9332B81329E9FD83006D4CCB /* Helper.swift */ = {isa = PBXFileReference; lastKnownFileType = sourcecode.swift; path = Helper.swift; sourceTree = "<group>"; };
		9332B81529EA5D7F006D4CCB /* Models.swift */ = {isa = PBXFileReference; lastKnownFileType = sourcecode.swift; path = Models.swift; sourceTree = "<group>"; };
		9332B81829EB06F1006D4CCB /* ConsultModel.swift */ = {isa = PBXFileReference; lastKnownFileType = sourcecode.swift; path = ConsultModel.swift; sourceTree = "<group>"; };
		9332B82029EB0D63006D4CCB /* DetailUser.swift */ = {isa = PBXFileReference; lastKnownFileType = sourcecode.swift; path = DetailUser.swift; sourceTree = "<group>"; };
		9332B82229EB1868006D4CCB /* ListUserViewController.swift */ = {isa = PBXFileReference; lastKnownFileType = sourcecode.swift; path = ListUserViewController.swift; sourceTree = "<group>"; };
		9332B82429EB1A1A006D4CCB /* ConsultTableViewCell.swift */ = {isa = PBXFileReference; lastKnownFileType = sourcecode.swift; path = ConsultTableViewCell.swift; sourceTree = "<group>"; };
		9332B82929EB394C006D4CCB /* PruebaTecnica-Bridging-Header.h */ = {isa = PBXFileReference; lastKnownFileType = sourcecode.c.h; path = "PruebaTecnica-Bridging-Header.h"; sourceTree = "<group>"; };
		9332B82A29EB394D006D4CCB /* MBProgressHUD.m */ = {isa = PBXFileReference; fileEncoding = 4; lastKnownFileType = sourcecode.c.objc; path = MBProgressHUD.m; sourceTree = "<group>"; };
		9332B82B29EB394D006D4CCB /* MBProgressHUD.h */ = {isa = PBXFileReference; fileEncoding = 4; lastKnownFileType = sourcecode.c.h; path = MBProgressHUD.h; sourceTree = "<group>"; };
		93F0CAEB29F5C3420040BB2A /* DatosUserViewController.swift */ = {isa = PBXFileReference; lastKnownFileType = sourcecode.swift; path = DatosUserViewController.swift; sourceTree = "<group>"; };
		96EAED304DF4E8D990B1038F /* Pods_PruebaTecnica.framework */ = {isa = PBXFileReference; explicitFileType = wrapper.framework; includeInIndex = 0; path = Pods_PruebaTecnica.framework; sourceTree = BUILT_PRODUCTS_DIR; };
		A4C5E2F36BE4BEA9AEE23178 /* Pods-PruebaTecnicaTests.release.xcconfig */ = {isa = PBXFileReference; includeInIndex = 1; lastKnownFileType = text.xcconfig; name = "Pods-PruebaTecnicaTests.release.xcconfig"; path = "Target Support Files/Pods-PruebaTecnicaTests/Pods-PruebaTecnicaTests.release.xcconfig"; sourceTree = "<group>"; };
		BFCF4EFA8C3B057A2376FCDB /* Pods-PruebaTecnica.release.xcconfig */ = {isa = PBXFileReference; includeInIndex = 1; lastKnownFileType = text.xcconfig; name = "Pods-PruebaTecnica.release.xcconfig"; path = "Target Support Files/Pods-PruebaTecnica/Pods-PruebaTecnica.release.xcconfig"; sourceTree = "<group>"; };
		D51184A08494BBB2DD2C976D /* Pods-PruebaTecnicaTests.debug.xcconfig */ = {isa = PBXFileReference; includeInIndex = 1; lastKnownFileType = text.xcconfig; name = "Pods-PruebaTecnicaTests.debug.xcconfig"; path = "Target Support Files/Pods-PruebaTecnicaTests/Pods-PruebaTecnicaTests.debug.xcconfig"; sourceTree = "<group>"; };
/* End PBXFileReference section */

/* Begin PBXFrameworksBuildPhase section */
		9332B7DD29E9FC3D006D4CCB /* Frameworks */ = {
			isa = PBXFrameworksBuildPhase;
			buildActionMask = 2147483647;
			files = (
				FF9830CCFF22A59BC6032713 /* Pods_PruebaTecnica.framework in Frameworks */,
			);
			runOnlyForDeploymentPostprocessing = 0;
		};
		9332B7F329E9FC40006D4CCB /* Frameworks */ = {
			isa = PBXFrameworksBuildPhase;
			buildActionMask = 2147483647;
			files = (
				6AD1236AA7D5578A72FE9833 /* Pods_PruebaTecnicaTests.framework in Frameworks */,
			);
			runOnlyForDeploymentPostprocessing = 0;
		};
		9332B7FD29E9FC40006D4CCB /* Frameworks */ = {
			isa = PBXFrameworksBuildPhase;
			buildActionMask = 2147483647;
			files = (
				DCF8703EEA512977001CA013 /* Pods_PruebaTecnica_PruebaTecnicaUITests.framework in Frameworks */,
			);
			runOnlyForDeploymentPostprocessing = 0;
		};
/* End PBXFrameworksBuildPhase section */

/* Begin PBXGroup section */
		67EB18450500AD684FD20EED /* Frameworks */ = {
			isa = PBXGroup;
			children = (
				96EAED304DF4E8D990B1038F /* Pods_PruebaTecnica.framework */,
				3AB15AD4CB07D1E53D0A32BA /* Pods_PruebaTecnica_PruebaTecnicaUITests.framework */,
				14B1AE6745F2BB31C7DD3187 /* Pods_PruebaTecnicaTests.framework */,
			);
			name = Frameworks;
			sourceTree = "<group>";
		};
		9332B7D729E9FC3C006D4CCB = {
			isa = PBXGroup;
			children = (
				9332B7E229E9FC3D006D4CCB /* PruebaTecnica */,
				9332B7F929E9FC40006D4CCB /* PruebaTecnicaTests */,
				9332B80329E9FC40006D4CCB /* PruebaTecnicaUITests */,
				9332B7E129E9FC3D006D4CCB /* Products */,
				C7C29E7214CD9DFE890CD917 /* Pods */,
				67EB18450500AD684FD20EED /* Frameworks */,
			);
			sourceTree = "<group>";
		};
		9332B7E129E9FC3D006D4CCB /* Products */ = {
			isa = PBXGroup;
			children = (
				9332B7E029E9FC3D006D4CCB /* PruebaTecnica.app */,
				9332B7F629E9FC40006D4CCB /* PruebaTecnicaTests.xctest */,
				9332B80029E9FC40006D4CCB /* PruebaTecnicaUITests.xctest */,
			);
			name = Products;
			sourceTree = "<group>";
		};
		9332B7E229E9FC3D006D4CCB /* PruebaTecnica */ = {
			isa = PBXGroup;
			children = (
				9332B82829EB393E006D4CCB /* MBProgress */,
				9332B7E329E9FC3D006D4CCB /* AppDelegate.swift */,
				93F0CAEB29F5C3420040BB2A /* DatosUserViewController.swift */,
				9332B7E529E9FC3D006D4CCB /* SceneDelegate.swift */,
				9332B81329E9FD83006D4CCB /* Helper.swift */,
				9332B81729EB068F006D4CCB /* Consulta */,
				9332B7E729E9FC3D006D4CCB /* ViewController.swift */,
				9332B81529EA5D7F006D4CCB /* Models.swift */,
				9332B82229EB1868006D4CCB /* ListUserViewController.swift */,
				9332B7E929E9FC3D006D4CCB /* Main.storyboard */,
				9332B7EC29E9FC40006D4CCB /* Assets.xcassets */,
				9332B7EE29E9FC40006D4CCB /* LaunchScreen.storyboard */,
				9332B7F129E9FC40006D4CCB /* Info.plist */,
			);
			path = PruebaTecnica;
			sourceTree = "<group>";
		};
		9332B7F929E9FC40006D4CCB /* PruebaTecnicaTests */ = {
			isa = PBXGroup;
			children = (
				9332B7FA29E9FC40006D4CCB /* PruebaTecnicaTests.swift */,
			);
			path = PruebaTecnicaTests;
			sourceTree = "<group>";
		};
		9332B80329E9FC40006D4CCB /* PruebaTecnicaUITests */ = {
			isa = PBXGroup;
			children = (
				9332B80429E9FC40006D4CCB /* PruebaTecnicaUITests.swift */,
				9332B80629E9FC40006D4CCB /* PruebaTecnicaUITestsLaunchTests.swift */,
			);
			path = PruebaTecnicaUITests;
			sourceTree = "<group>";
		};
		9332B81729EB068F006D4CCB /* Consulta */ = {
			isa = PBXGroup;
			children = (
				9332B81829EB06F1006D4CCB /* ConsultModel.swift */,
				9332B82029EB0D63006D4CCB /* DetailUser.swift */,
				9332B82429EB1A1A006D4CCB /* ConsultTableViewCell.swift */,
			);
			path = Consulta;
			sourceTree = "<group>";
		};
		9332B82829EB393E006D4CCB /* MBProgress */ = {
			isa = PBXGroup;
			children = (
				9332B82B29EB394D006D4CCB /* MBProgressHUD.h */,
				9332B82A29EB394D006D4CCB /* MBProgressHUD.m */,
				9332B82929EB394C006D4CCB /* PruebaTecnica-Bridging-Header.h */,
			);
			path = MBProgress;
			sourceTree = "<group>";
		};
		C7C29E7214CD9DFE890CD917 /* Pods */ = {
			isa = PBXGroup;
			children = (
				6CF38BD551115959F3245C42 /* Pods-PruebaTecnica.debug.xcconfig */,
				BFCF4EFA8C3B057A2376FCDB /* Pods-PruebaTecnica.release.xcconfig */,
				67FD7267D210CEBA7E7F96D8 /* Pods-PruebaTecnica-PruebaTecnicaUITests.debug.xcconfig */,
				60939E4095596E0A4830F662 /* Pods-PruebaTecnica-PruebaTecnicaUITests.release.xcconfig */,
				D51184A08494BBB2DD2C976D /* Pods-PruebaTecnicaTests.debug.xcconfig */,
				A4C5E2F36BE4BEA9AEE23178 /* Pods-PruebaTecnicaTests.release.xcconfig */,
			);
			path = Pods;
			sourceTree = "<group>";
		};
/* End PBXGroup section */

/* Begin PBXNativeTarget section */
		9332B7DF29E9FC3D006D4CCB /* PruebaTecnica */ = {
			isa = PBXNativeTarget;
			buildConfigurationList = 9332B80A29E9FC40006D4CCB /* Build configuration list for PBXNativeTarget "PruebaTecnica" */;
			buildPhases = (
				88ECB3DE68B544BE9BF5F246 /* [CP] Check Pods Manifest.lock */,
				9332B7DC29E9FC3D006D4CCB /* Sources */,
				9332B7DD29E9FC3D006D4CCB /* Frameworks */,
				9332B7DE29E9FC3D006D4CCB /* Resources */,
				5E558CB08B20D46CC42D6832 /* [CP] Embed Pods Frameworks */,
			);
			buildRules = (
			);
			dependencies = (
			);
			name = PruebaTecnica;
			productName = PruebaTecnica;
			productReference = 9332B7E029E9FC3D006D4CCB /* PruebaTecnica.app */;
			productType = "com.apple.product-type.application";
		};
		9332B7F529E9FC40006D4CCB /* PruebaTecnicaTests */ = {
			isa = PBXNativeTarget;
			buildConfigurationList = 9332B80D29E9FC40006D4CCB /* Build configuration list for PBXNativeTarget "PruebaTecnicaTests" */;
			buildPhases = (
				8AB9894B44B4F3A644C3D6E0 /* [CP] Check Pods Manifest.lock */,
				9332B7F229E9FC40006D4CCB /* Sources */,
				9332B7F329E9FC40006D4CCB /* Frameworks */,
				9332B7F429E9FC40006D4CCB /* Resources */,
			);
			buildRules = (
			);
			dependencies = (
				9332B7F829E9FC40006D4CCB /* PBXTargetDependency */,
			);
			name = PruebaTecnicaTests;
			productName = PruebaTecnicaTests;
			productReference = 9332B7F629E9FC40006D4CCB /* PruebaTecnicaTests.xctest */;
			productType = "com.apple.product-type.bundle.unit-test";
		};
		9332B7FF29E9FC40006D4CCB /* PruebaTecnicaUITests */ = {
			isa = PBXNativeTarget;
			buildConfigurationList = 9332B81029E9FC40006D4CCB /* Build configuration list for PBXNativeTarget "PruebaTecnicaUITests" */;
			buildPhases = (
				33CC74C52DE1AA3AB5CDDF25 /* [CP] Check Pods Manifest.lock */,
				9332B7FC29E9FC40006D4CCB /* Sources */,
				9332B7FD29E9FC40006D4CCB /* Frameworks */,
				9332B7FE29E9FC40006D4CCB /* Resources */,
				EAC83D646421C587D4FD06B3 /* [CP] Embed Pods Frameworks */,
			);
			buildRules = (
			);
			dependencies = (
				9332B80229E9FC40006D4CCB /* PBXTargetDependency */,
			);
			name = PruebaTecnicaUITests;
			productName = PruebaTecnicaUITests;
			productReference = 9332B80029E9FC40006D4CCB /* PruebaTecnicaUITests.xctest */;
			productType = "com.apple.product-type.bundle.ui-testing";
		};
/* End PBXNativeTarget section */

/* Begin PBXProject section */
		9332B7D829E9FC3D006D4CCB /* Project object */ = {
			isa = PBXProject;
			attributes = {
				BuildIndependentTargetsInParallel = 1;
				LastSwiftUpdateCheck = 1430;
				LastUpgradeCheck = 1430;
				TargetAttributes = {
					9332B7DF29E9FC3D006D4CCB = {
						CreatedOnToolsVersion = 14.3;
						LastSwiftMigration = 1430;
					};
					9332B7F529E9FC40006D4CCB = {
						CreatedOnToolsVersion = 14.3;
						TestTargetID = 9332B7DF29E9FC3D006D4CCB;
					};
					9332B7FF29E9FC40006D4CCB = {
						CreatedOnToolsVersion = 14.3;
						TestTargetID = 9332B7DF29E9FC3D006D4CCB;
					};
				};
			};
			buildConfigurationList = 9332B7DB29E9FC3D006D4CCB /* Build configuration list for PBXProject "PruebaTecnica" */;
			compatibilityVersion = "Xcode 14.0";
			developmentRegion = en;
			hasScannedForEncodings = 0;
			knownRegions = (
				en,
				Base,
			);
			mainGroup = 9332B7D729E9FC3C006D4CCB;
			productRefGroup = 9332B7E129E9FC3D006D4CCB /* Products */;
			projectDirPath = "";
			projectRoot = "";
			targets = (
				9332B7DF29E9FC3D006D4CCB /* PruebaTecnica */,
				9332B7F529E9FC40006D4CCB /* PruebaTecnicaTests */,
				9332B7FF29E9FC40006D4CCB /* PruebaTecnicaUITests */,
			);
		};
/* End PBXProject section */

/* Begin PBXResourcesBuildPhase section */
		9332B7DE29E9FC3D006D4CCB /* Resources */ = {
			isa = PBXResourcesBuildPhase;
			buildActionMask = 2147483647;
			files = (
				9332B7F029E9FC40006D4CCB /* LaunchScreen.storyboard in Resources */,
				9332B7ED29E9FC40006D4CCB /* Assets.xcassets in Resources */,
				9332B7EB29E9FC3D006D4CCB /* Main.storyboard in Resources */,
			);
			runOnlyForDeploymentPostprocessing = 0;
		};
		9332B7F429E9FC40006D4CCB /* Resources */ = {
			isa = PBXResourcesBuildPhase;
			buildActionMask = 2147483647;
			files = (
			);
			runOnlyForDeploymentPostprocessing = 0;
		};
		9332B7FE29E9FC40006D4CCB /* Resources */ = {
			isa = PBXResourcesBuildPhase;
			buildActionMask = 2147483647;
			files = (
			);
			runOnlyForDeploymentPostprocessing = 0;
		};
/* End PBXResourcesBuildPhase section */

/* Begin PBXShellScriptBuildPhase section */
		33CC74C52DE1AA3AB5CDDF25 /* [CP] Check Pods Manifest.lock */ = {
			isa = PBXShellScriptBuildPhase;
			buildActionMask = 2147483647;
			files = (
			);
			inputFileListPaths = (
			);
			inputPaths = (
				"${PODS_PODFILE_DIR_PATH}/Podfile.lock",
				"${PODS_ROOT}/Manifest.lock",
			);
			name = "[CP] Check Pods Manifest.lock";
			outputFileListPaths = (
			);
			outputPaths = (
				"$(DERIVED_FILE_DIR)/Pods-PruebaTecnica-PruebaTecnicaUITests-checkManifestLockResult.txt",
			);
			runOnlyForDeploymentPostprocessing = 0;
			shellPath = /bin/sh;
			shellScript = "diff \"${PODS_PODFILE_DIR_PATH}/Podfile.lock\" \"${PODS_ROOT}/Manifest.lock\" > /dev/null\nif [ $? != 0 ] ; then\n    # print error to STDERR\n    echo \"error: The sandbox is not in sync with the Podfile.lock. Run 'pod install' or update your CocoaPods installation.\" >&2\n    exit 1\nfi\n# This output is used by Xcode 'outputs' to avoid re-running this script phase.\necho \"SUCCESS\" > \"${SCRIPT_OUTPUT_FILE_0}\"\n";
			showEnvVarsInLog = 0;
		};
		5E558CB08B20D46CC42D6832 /* [CP] Embed Pods Frameworks */ = {
			isa = PBXShellScriptBuildPhase;
			buildActionMask = 2147483647;
			files = (
			);
			inputFileListPaths = (
				"${PODS_ROOT}/Target Support Files/Pods-PruebaTecnica/Pods-PruebaTecnica-frameworks-${CONFIGURATION}-input-files.xcfilelist",
			);
			name = "[CP] Embed Pods Frameworks";
			outputFileListPaths = (
				"${PODS_ROOT}/Target Support Files/Pods-PruebaTecnica/Pods-PruebaTecnica-frameworks-${CONFIGURATION}-output-files.xcfilelist",
			);
			runOnlyForDeploymentPostprocessing = 0;
			shellPath = /bin/sh;
			shellScript = "\"${PODS_ROOT}/Target Support Files/Pods-PruebaTecnica/Pods-PruebaTecnica-frameworks.sh\"\n";
			showEnvVarsInLog = 0;
		};
		88ECB3DE68B544BE9BF5F246 /* [CP] Check Pods Manifest.lock */ = {
			isa = PBXShellScriptBuildPhase;
			buildActionMask = 2147483647;
			files = (
			);
			inputFileListPaths = (
			);
			inputPaths = (
				"${PODS_PODFILE_DIR_PATH}/Podfile.lock",
				"${PODS_ROOT}/Manifest.lock",
			);
			name = "[CP] Check Pods Manifest.lock";
			outputFileListPaths = (
			);
			outputPaths = (
				"$(DERIVED_FILE_DIR)/Pods-PruebaTecnica-checkManifestLockResult.txt",
			);
			runOnlyForDeploymentPostprocessing = 0;
			shellPath = /bin/sh;
			shellScript = "diff \"${PODS_PODFILE_DIR_PATH}/Podfile.lock\" \"${PODS_ROOT}/Manifest.lock\" > /dev/null\nif [ $? != 0 ] ; then\n    # print error to STDERR\n    echo \"error: The sandbox is not in sync with the Podfile.lock. Run 'pod install' or update your CocoaPods installation.\" >&2\n    exit 1\nfi\n# This output is used by Xcode 'outputs' to avoid re-running this script phase.\necho \"SUCCESS\" > \"${SCRIPT_OUTPUT_FILE_0}\"\n";
			showEnvVarsInLog = 0;
		};
		8AB9894B44B4F3A644C3D6E0 /* [CP] Check Pods Manifest.lock */ = {
			isa = PBXShellScriptBuildPhase;
			buildActionMask = 2147483647;
			files = (
			);
			inputFileListPaths = (
			);
			inputPaths = (
				"${PODS_PODFILE_DIR_PATH}/Podfile.lock",
				"${PODS_ROOT}/Manifest.lock",
			);
			name = "[CP] Check Pods Manifest.lock";
			outputFileListPaths = (
			);
			outputPaths = (
				"$(DERIVED_FILE_DIR)/Pods-PruebaTecnicaTests-checkManifestLockResult.txt",
			);
			runOnlyForDeploymentPostprocessing = 0;
			shellPath = /bin/sh;
			shellScript = "diff \"${PODS_PODFILE_DIR_PATH}/Podfile.lock\" \"${PODS_ROOT}/Manifest.lock\" > /dev/null\nif [ $? != 0 ] ; then\n    # print error to STDERR\n    echo \"error: The sandbox is not in sync with the Podfile.lock. Run 'pod install' or update your CocoaPods installation.\" >&2\n    exit 1\nfi\n# This output is used by Xcode 'outputs' to avoid re-running this script phase.\necho \"SUCCESS\" > \"${SCRIPT_OUTPUT_FILE_0}\"\n";
			showEnvVarsInLog = 0;
		};
		EAC83D646421C587D4FD06B3 /* [CP] Embed Pods Frameworks */ = {
			isa = PBXShellScriptBuildPhase;
			buildActionMask = 2147483647;
			files = (
			);
			inputFileListPaths = (
				"${PODS_ROOT}/Target Support Files/Pods-PruebaTecnica-PruebaTecnicaUITests/Pods-PruebaTecnica-PruebaTecnicaUITests-frameworks-${CONFIGURATION}-input-files.xcfilelist",
			);
			name = "[CP] Embed Pods Frameworks";
			outputFileListPaths = (
				"${PODS_ROOT}/Target Support Files/Pods-PruebaTecnica-PruebaTecnicaUITests/Pods-PruebaTecnica-PruebaTecnicaUITests-frameworks-${CONFIGURATION}-output-files.xcfilelist",
			);
			runOnlyForDeploymentPostprocessing = 0;
			shellPath = /bin/sh;
			shellScript = "\"${PODS_ROOT}/Target Support Files/Pods-PruebaTecnica-PruebaTecnicaUITests/Pods-PruebaTecnica-PruebaTecnicaUITests-frameworks.sh\"\n";
			showEnvVarsInLog = 0;
		};
/* End PBXShellScriptBuildPhase section */

/* Begin PBXSourcesBuildPhase section */
		9332B7DC29E9FC3D006D4CCB /* Sources */ = {
			isa = PBXSourcesBuildPhase;
			buildActionMask = 2147483647;
			files = (
				9332B81929EB06F1006D4CCB /* ConsultModel.swift in Sources */,
				9332B82529EB1A1A006D4CCB /* ConsultTableViewCell.swift in Sources */,
				9332B82329EB1868006D4CCB /* ListUserViewController.swift in Sources */,
				9332B7E829E9FC3D006D4CCB /* ViewController.swift in Sources */,
				9332B7E429E9FC3D006D4CCB /* AppDelegate.swift in Sources */,
				93F0CAEC29F5C3420040BB2A /* DatosUserViewController.swift in Sources */,
				9332B7E629E9FC3D006D4CCB /* SceneDelegate.swift in Sources */,
				9332B82129EB0D63006D4CCB /* DetailUser.swift in Sources */,
				9332B82C29EB394E006D4CCB /* MBProgressHUD.m in Sources */,
				9332B81429E9FD83006D4CCB /* Helper.swift in Sources */,
				9332B81629EA5D7F006D4CCB /* Models.swift in Sources */,
			);
			runOnlyForDeploymentPostprocessing = 0;
		};
		9332B7F229E9FC40006D4CCB /* Sources */ = {
			isa = PBXSourcesBuildPhase;
			buildActionMask = 2147483647;
			files = (
				9332B7FB29E9FC40006D4CCB /* PruebaTecnicaTests.swift in Sources */,
			);
			runOnlyForDeploymentPostprocessing = 0;
		};
		9332B7FC29E9FC40006D4CCB /* Sources */ = {
			isa = PBXSourcesBuildPhase;
			buildActionMask = 2147483647;
			files = (
				9332B80529E9FC40006D4CCB /* PruebaTecnicaUITests.swift in Sources */,
				9332B80729E9FC40006D4CCB /* PruebaTecnicaUITestsLaunchTests.swift in Sources */,
			);
			runOnlyForDeploymentPostprocessing = 0;
		};
/* End PBXSourcesBuildPhase section */

/* Begin PBXTargetDependency section */
		9332B7F829E9FC40006D4CCB /* PBXTargetDependency */ = {
			isa = PBXTargetDependency;
			target = 9332B7DF29E9FC3D006D4CCB /* PruebaTecnica */;
			targetProxy = 9332B7F729E9FC40006D4CCB /* PBXContainerItemProxy */;
		};
		9332B80229E9FC40006D4CCB /* PBXTargetDependency */ = {
			isa = PBXTargetDependency;
			target = 9332B7DF29E9FC3D006D4CCB /* PruebaTecnica */;
			targetProxy = 9332B80129E9FC40006D4CCB /* PBXContainerItemProxy */;
		};
/* End PBXTargetDependency section */

/* Begin PBXVariantGroup section */
		9332B7E929E9FC3D006D4CCB /* Main.storyboard */ = {
			isa = PBXVariantGroup;
			children = (
				9332B7EA29E9FC3D006D4CCB /* Base */,
			);
			name = Main.storyboard;
			sourceTree = "<group>";
		};
		9332B7EE29E9FC40006D4CCB /* LaunchScreen.storyboard */ = {
			isa = PBXVariantGroup;
			children = (
				9332B7EF29E9FC40006D4CCB /* Base */,
			);
			name = LaunchScreen.storyboard;
			sourceTree = "<group>";
		};
/* End PBXVariantGroup section */

/* Begin XCBuildConfiguration section */
		9332B80829E9FC40006D4CCB /* Debug */ = {
			isa = XCBuildConfiguration;
			buildSettings = {
				ALWAYS_SEARCH_USER_PATHS = NO;
				CLANG_ANALYZER_NONNULL = YES;
				CLANG_ANALYZER_NUMBER_OBJECT_CONVERSION = YES_AGGRESSIVE;
				CLANG_CXX_LANGUAGE_STANDARD = "gnu++20";
				CLANG_ENABLE_MODULES = YES;
				CLANG_ENABLE_OBJC_ARC = YES;
				CLANG_ENABLE_OBJC_WEAK = YES;
				CLANG_WARN_BLOCK_CAPTURE_AUTORELEASING = YES;
				CLANG_WARN_BOOL_CONVERSION = YES;
				CLANG_WARN_COMMA = YES;
				CLANG_WARN_CONSTANT_CONVERSION = YES;
				CLANG_WARN_DEPRECATED_OBJC_IMPLEMENTATIONS = YES;
				CLANG_WARN_DIRECT_OBJC_ISA_USAGE = YES_ERROR;
				CLANG_WARN_DOCUMENTATION_COMMENTS = YES;
				CLANG_WARN_EMPTY_BODY = YES;
				CLANG_WARN_ENUM_CONVERSION = YES;
				CLANG_WARN_INFINITE_RECURSION = YES;
				CLANG_WARN_INT_CONVERSION = YES;
				CLANG_WARN_NON_LITERAL_NULL_CONVERSION = YES;
				CLANG_WARN_OBJC_IMPLICIT_RETAIN_SELF = YES;
				CLANG_WARN_OBJC_LITERAL_CONVERSION = YES;
				CLANG_WARN_OBJC_ROOT_CLASS = YES_ERROR;
				CLANG_WARN_QUOTED_INCLUDE_IN_FRAMEWORK_HEADER = YES;
				CLANG_WARN_RANGE_LOOP_ANALYSIS = YES;
				CLANG_WARN_STRICT_PROTOTYPES = YES;
				CLANG_WARN_SUSPICIOUS_MOVE = YES;
				CLANG_WARN_UNGUARDED_AVAILABILITY = YES_AGGRESSIVE;
				CLANG_WARN_UNREACHABLE_CODE = YES;
				CLANG_WARN__DUPLICATE_METHOD_MATCH = YES;
				COPY_PHASE_STRIP = NO;
				DEBUG_INFORMATION_FORMAT = dwarf;
				ENABLE_STRICT_OBJC_MSGSEND = YES;
				ENABLE_TESTABILITY = YES;
				GCC_C_LANGUAGE_STANDARD = gnu11;
				GCC_DYNAMIC_NO_PIC = NO;
				GCC_NO_COMMON_BLOCKS = YES;
				GCC_OPTIMIZATION_LEVEL = 0;
				GCC_PREPROCESSOR_DEFINITIONS = (
					"DEBUG=1",
					"$(inherited)",
				);
				GCC_WARN_64_TO_32_BIT_CONVERSION = YES;
				GCC_WARN_ABOUT_RETURN_TYPE = YES_ERROR;
				GCC_WARN_UNDECLARED_SELECTOR = YES;
				GCC_WARN_UNINITIALIZED_AUTOS = YES_AGGRESSIVE;
				GCC_WARN_UNUSED_FUNCTION = YES;
				GCC_WARN_UNUSED_VARIABLE = YES;
				IPHONEOS_DEPLOYMENT_TARGET = 16.4;
				MTL_ENABLE_DEBUG_INFO = INCLUDE_SOURCE;
				MTL_FAST_MATH = YES;
				ONLY_ACTIVE_ARCH = YES;
				SDKROOT = iphoneos;
				SWIFT_ACTIVE_COMPILATION_CONDITIONS = DEBUG;
				SWIFT_OPTIMIZATION_LEVEL = "-Onone";
			};
			name = Debug;
		};
		9332B80929E9FC40006D4CCB /* Release */ = {
			isa = XCBuildConfiguration;
			buildSettings = {
				ALWAYS_SEARCH_USER_PATHS = NO;
				CLANG_ANALYZER_NONNULL = YES;
				CLANG_ANALYZER_NUMBER_OBJECT_CONVERSION = YES_AGGRESSIVE;
				CLANG_CXX_LANGUAGE_STANDARD = "gnu++20";
				CLANG_ENABLE_MODULES = YES;
				CLANG_ENABLE_OBJC_ARC = YES;
				CLANG_ENABLE_OBJC_WEAK = YES;
				CLANG_WARN_BLOCK_CAPTURE_AUTORELEASING = YES;
				CLANG_WARN_BOOL_CONVERSION = YES;
				CLANG_WARN_COMMA = YES;
				CLANG_WARN_CONSTANT_CONVERSION = YES;
				CLANG_WARN_DEPRECATED_OBJC_IMPLEMENTATIONS = YES;
				CLANG_WARN_DIRECT_OBJC_ISA_USAGE = YES_ERROR;
				CLANG_WARN_DOCUMENTATION_COMMENTS = YES;
				CLANG_WARN_EMPTY_BODY = YES;
				CLANG_WARN_ENUM_CONVERSION = YES;
				CLANG_WARN_INFINITE_RECURSION = YES;
				CLANG_WARN_INT_CONVERSION = YES;
				CLANG_WARN_NON_LITERAL_NULL_CONVERSION = YES;
				CLANG_WARN_OBJC_IMPLICIT_RETAIN_SELF = YES;
				CLANG_WARN_OBJC_LITERAL_CONVERSION = YES;
				CLANG_WARN_OBJC_ROOT_CLASS = YES_ERROR;
				CLANG_WARN_QUOTED_INCLUDE_IN_FRAMEWORK_HEADER = YES;
				CLANG_WARN_RANGE_LOOP_ANALYSIS = YES;
				CLANG_WARN_STRICT_PROTOTYPES = YES;
				CLANG_WARN_SUSPICIOUS_MOVE = YES;
				CLANG_WARN_UNGUARDED_AVAILABILITY = YES_AGGRESSIVE;
				CLANG_WARN_UNREACHABLE_CODE = YES;
				CLANG_WARN__DUPLICATE_METHOD_MATCH = YES;
				COPY_PHASE_STRIP = NO;
				DEBUG_INFORMATION_FORMAT = "dwarf-with-dsym";
				ENABLE_NS_ASSERTIONS = NO;
				ENABLE_STRICT_OBJC_MSGSEND = YES;
				GCC_C_LANGUAGE_STANDARD = gnu11;
				GCC_NO_COMMON_BLOCKS = YES;
				GCC_WARN_64_TO_32_BIT_CONVERSION = YES;
				GCC_WARN_ABOUT_RETURN_TYPE = YES_ERROR;
				GCC_WARN_UNDECLARED_SELECTOR = YES;
				GCC_WARN_UNINITIALIZED_AUTOS = YES_AGGRESSIVE;
				GCC_WARN_UNUSED_FUNCTION = YES;
				GCC_WARN_UNUSED_VARIABLE = YES;
				IPHONEOS_DEPLOYMENT_TARGET = 16.4;
				MTL_ENABLE_DEBUG_INFO = NO;
				MTL_FAST_MATH = YES;
				SDKROOT = iphoneos;
				SWIFT_COMPILATION_MODE = wholemodule;
				SWIFT_OPTIMIZATION_LEVEL = "-O";
				VALIDATE_PRODUCT = YES;
			};
			name = Release;
		};
		9332B80B29E9FC40006D4CCB /* Debug */ = {
			isa = XCBuildConfiguration;
			baseConfigurationReference = 6CF38BD551115959F3245C42 /* Pods-PruebaTecnica.debug.xcconfig */;
			buildSettings = {
				ASSETCATALOG_COMPILER_APPICON_NAME = AppIcon;
				ASSETCATALOG_COMPILER_GLOBAL_ACCENT_COLOR_NAME = AccentColor;
				CLANG_ENABLE_MODULES = YES;
				CODE_SIGN_STYLE = Automatic;
				CURRENT_PROJECT_VERSION = 1;
				DEVELOPMENT_TEAM = JU25EWQPKG;
				GENERATE_INFOPLIST_FILE = YES;
				INFOPLIST_FILE = PruebaTecnica/Info.plist;
				INFOPLIST_KEY_UIApplicationSupportsIndirectInputEvents = YES;
				INFOPLIST_KEY_UILaunchStoryboardName = LaunchScreen;
				INFOPLIST_KEY_UIMainStoryboardFile = Main;
				INFOPLIST_KEY_UISupportedInterfaceOrientations_iPad = "UIInterfaceOrientationPortrait UIInterfaceOrientationPortraitUpsideDown UIInterfaceOrientationLandscapeLeft UIInterfaceOrientationLandscapeRight";
				INFOPLIST_KEY_UISupportedInterfaceOrientations_iPhone = "UIInterfaceOrientationPortrait UIInterfaceOrientationLandscapeLeft UIInterfaceOrientationLandscapeRight";
				LD_RUNPATH_SEARCH_PATHS = (
					"$(inherited)",
					"@executable_path/Frameworks",
				);
				MARKETING_VERSION = 1.0;
				PRODUCT_BUNDLE_IDENTIFIER = tmdbtest.PruebaTecnica;
				PRODUCT_NAME = "$(TARGET_NAME)";
				SWIFT_EMIT_LOC_STRINGS = YES;
				SWIFT_OBJC_BRIDGING_HEADER = "PruebaTecnica/MBProgress/PruebaTecnica-Bridging-Header.h";
				SWIFT_OPTIMIZATION_LEVEL = "-Onone";
				SWIFT_VERSION = 5.0;
				TARGETED_DEVICE_FAMILY = "1,2";
			};
			name = Debug;
		};
		9332B80C29E9FC40006D4CCB /* Release */ = {
			isa = XCBuildConfiguration;
			baseConfigurationReference = BFCF4EFA8C3B057A2376FCDB /* Pods-PruebaTecnica.release.xcconfig */;
			buildSettings = {
				ASSETCATALOG_COMPILER_APPICON_NAME = AppIcon;
				ASSETCATALOG_COMPILER_GLOBAL_ACCENT_COLOR_NAME = AccentColor;
				CLANG_ENABLE_MODULES = YES;
				CODE_SIGN_STYLE = Automatic;
				CURRENT_PROJECT_VERSION = 1;
				DEVELOPMENT_TEAM = JU25EWQPKG;
				GENERATE_INFOPLIST_FILE = YES;
				INFOPLIST_FILE = PruebaTecnica/Info.plist;
				INFOPLIST_KEY_UIApplicationSupportsIndirectInputEvents = YES;
				INFOPLIST_KEY_UILaunchStoryboardName = LaunchScreen;
				INFOPLIST_KEY_UIMainStoryboardFile = Main;
				INFOPLIST_KEY_UISupportedInterfaceOrientations_iPad = "UIInterfaceOrientationPortrait UIInterfaceOrientationPortraitUpsideDown UIInterfaceOrientationLandscapeLeft UIInterfaceOrientationLandscapeRight";
				INFOPLIST_KEY_UISupportedInterfaceOrientations_iPhone = "UIInterfaceOrientationPortrait UIInterfaceOrientationLandscapeLeft UIInterfaceOrientationLandscapeRight";
				LD_RUNPATH_SEARCH_PATHS = (
					"$(inherited)",
					"@executable_path/Frameworks",
				);
				MARKETING_VERSION = 1.0;
				PRODUCT_BUNDLE_IDENTIFIER = tmdbtest.PruebaTecnica;
				PRODUCT_NAME = "$(TARGET_NAME)";
				SWIFT_EMIT_LOC_STRINGS = YES;
				SWIFT_OBJC_BRIDGING_HEADER = "PruebaTecnica/MBProgress/PruebaTecnica-Bridging-Header.h";
				SWIFT_VERSION = 5.0;
				TARGETED_DEVICE_FAMILY = "1,2";
			};
			name = Release;
		};
		9332B80E29E9FC40006D4CCB /* Debug */ = {
			isa = XCBuildConfiguration;
			baseConfigurationReference = D51184A08494BBB2DD2C976D /* Pods-PruebaTecnicaTests.debug.xcconfig */;
			buildSettings = {
				ALWAYS_EMBED_SWIFT_STANDARD_LIBRARIES = YES;
				BUNDLE_LOADER = "$(TEST_HOST)";
				CODE_SIGN_STYLE = Automatic;
				CURRENT_PROJECT_VERSION = 1;
				DEVELOPMENT_TEAM = JU25EWQPKG;
				GENERATE_INFOPLIST_FILE = YES;
				IPHONEOS_DEPLOYMENT_TARGET = 16.4;
				MARKETING_VERSION = 1.0;
				PRODUCT_BUNDLE_IDENTIFIER = tmdbtest.PruebaTecnicaTests;
				PRODUCT_NAME = "$(TARGET_NAME)";
				SWIFT_EMIT_LOC_STRINGS = NO;
				SWIFT_VERSION = 5.0;
				TARGETED_DEVICE_FAMILY = "1,2";
				TEST_HOST = "$(BUILT_PRODUCTS_DIR)/PruebaTecnica.app/$(BUNDLE_EXECUTABLE_FOLDER_PATH)/PruebaTecnica";
			};
			name = Debug;
		};
		9332B80F29E9FC40006D4CCB /* Release */ = {
			isa = XCBuildConfiguration;
			baseConfigurationReference = A4C5E2F36BE4BEA9AEE23178 /* Pods-PruebaTecnicaTests.release.xcconfig */;
			buildSettings = {
				ALWAYS_EMBED_SWIFT_STANDARD_LIBRARIES = YES;
				BUNDLE_LOADER = "$(TEST_HOST)";
				CODE_SIGN_STYLE = Automatic;
				CURRENT_PROJECT_VERSION = 1;
				DEVELOPMENT_TEAM = JU25EWQPKG;
				GENERATE_INFOPLIST_FILE = YES;
				IPHONEOS_DEPLOYMENT_TARGET = 16.4;
				MARKETING_VERSION = 1.0;
				PRODUCT_BUNDLE_IDENTIFIER = tmdbtest.PruebaTecnicaTests;
				PRODUCT_NAME = "$(TARGET_NAME)";
				SWIFT_EMIT_LOC_STRINGS = NO;
				SWIFT_VERSION = 5.0;
				TARGETED_DEVICE_FAMILY = "1,2";
				TEST_HOST = "$(BUILT_PRODUCTS_DIR)/PruebaTecnica.app/$(BUNDLE_EXECUTABLE_FOLDER_PATH)/PruebaTecnica";
			};
			name = Release;
		};
		9332B81129E9FC40006D4CCB /* Debug */ = {
			isa = XCBuildConfiguration;
			baseConfigurationReference = 67FD7267D210CEBA7E7F96D8 /* Pods-PruebaTecnica-PruebaTecnicaUITests.debug.xcconfig */;
			buildSettings = {
				ALWAYS_EMBED_SWIFT_STANDARD_LIBRARIES = YES;
				CODE_SIGN_STYLE = Automatic;
				CURRENT_PROJECT_VERSION = 1;
				DEVELOPMENT_TEAM = JU25EWQPKG;
				GENERATE_INFOPLIST_FILE = YES;
				MARKETING_VERSION = 1.0;
				PRODUCT_BUNDLE_IDENTIFIER = tmdbtest.PruebaTecnicaUITests;
				PRODUCT_NAME = "$(TARGET_NAME)";
				SWIFT_EMIT_LOC_STRINGS = NO;
				SWIFT_VERSION = 5.0;
				TARGETED_DEVICE_FAMILY = "1,2";
				TEST_TARGET_NAME = PruebaTecnica;
			};
			name = Debug;
		};
		9332B81229E9FC40006D4CCB /* Release */ = {
			isa = XCBuildConfiguration;
			baseConfigurationReference = 60939E4095596E0A4830F662 /* Pods-PruebaTecnica-PruebaTecnicaUITests.release.xcconfig */;
			buildSettings = {
				ALWAYS_EMBED_SWIFT_STANDARD_LIBRARIES = YES;
				CODE_SIGN_STYLE = Automatic;
				CURRENT_PROJECT_VERSION = 1;
				DEVELOPMENT_TEAM = JU25EWQPKG;
				GENERATE_INFOPLIST_FILE = YES;
				MARKETING_VERSION = 1.0;
				PRODUCT_BUNDLE_IDENTIFIER = tmdbtest.PruebaTecnicaUITests;
				PRODUCT_NAME = "$(TARGET_NAME)";
				SWIFT_EMIT_LOC_STRINGS = NO;
				SWIFT_VERSION = 5.0;
				TARGETED_DEVICE_FAMILY = "1,2";
				TEST_TARGET_NAME = PruebaTecnica;
			};
			name = Release;
		};
/* End XCBuildConfiguration section */

/* Begin XCConfigurationList section */
		9332B7DB29E9FC3D006D4CCB /* Build configuration list for PBXProject "PruebaTecnica" */ = {
			isa = XCConfigurationList;
			buildConfigurations = (
				9332B80829E9FC40006D4CCB /* Debug */,
				9332B80929E9FC40006D4CCB /* Release */,
			);
			defaultConfigurationIsVisible = 0;
			defaultConfigurationName = Release;
		};
		9332B80A29E9FC40006D4CCB /* Build configuration list for PBXNativeTarget "PruebaTecnica" */ = {
			isa = XCConfigurationList;
			buildConfigurations = (
				9332B80B29E9FC40006D4CCB /* Debug */,
				9332B80C29E9FC40006D4CCB /* Release */,
			);
			defaultConfigurationIsVisible = 0;
			defaultConfigurationName = Release;
		};
		9332B80D29E9FC40006D4CCB /* Build configuration list for PBXNativeTarget "PruebaTecnicaTests" */ = {
			isa = XCConfigurationList;
			buildConfigurations = (
				9332B80E29E9FC40006D4CCB /* Debug */,
				9332B80F29E9FC40006D4CCB /* Release */,
			);
			defaultConfigurationIsVisible = 0;
			defaultConfigurationName = Release;
		};
		9332B81029E9FC40006D4CCB /* Build configuration list for PBXNativeTarget "PruebaTecnicaUITests" */ = {
			isa = XCConfigurationList;
			buildConfigurations = (
				9332B81129E9FC40006D4CCB /* Debug */,
				9332B81229E9FC40006D4CCB /* Release */,
			);
			defaultConfigurationIsVisible = 0;
			defaultConfigurationName = Release;
		};
/* End XCConfigurationList section */
	};
	rootObject = 9332B7D829E9FC3D006D4CCB /* Project object */;
}
